
Microsoft Visual Studio Solution File, Format Version 12.00
# Visual Studio Version 16
VisualStudioVersion = 16.0.31424.327
MinimumVisualStudioVersion = 10.0.40219.1
Project("{2150E333-8FDC-42A3-9474-1A3956D46DE8}") = "1-Web", "1-Web", "{C4608F1D-433D-4F2E-B38F-DF993AA28901}"
EndProject
Project("{2150E333-8FDC-42A3-9474-1A3956D46DE8}") = "2-Application", "2-Application", "{7A0D4456-C141-4410-9511-11279660D549}"
EndProject
Project("{2150E333-8FDC-42A3-9474-1A3956D46DE8}") = "3-Domain", "3-Domain", "{6E7D4F99-1F76-4842-B769-CAF5DFB120CB}"
EndProject
Project("{2150E333-8FDC-42A3-9474-1A3956D46DE8}") = "4-Infra", "4-Infra", "{A86F41B3-E2B3-4D71-AB9A-F41E012906A6}"
EndProject
Project("{2150E333-8FDC-42A3-9474-1A3956D46DE8}") = "4.1-Data", "4.1-Data", "{D577D3C3-9953-4E2C-8338-C8AE59FD8D4E}"
EndProject
Project("{2150E333-8FDC-42A3-9474-1A3956D46DE8}") = "4.2-CrossCutting", "4.2-CrossCutting", "{5D3FB572-2DC9-4F2F-B33C-01B707937287}"
EndProject
Project("{9A19103F-16F7-4668-BE54-9A1E7A4F7556}") = "FruitShop.Application", "FruitShop.Application\FruitShop.Application.csproj", "{C68CB79E-425C-4EB6-83E1-A07768070482}"
EndProject
Project("{9A19103F-16F7-4668-BE54-9A1E7A4F7556}") = "FruitShop.Domain", "FruitShop.Domain\FruitShop.Domain.csproj", "{FCA71EFB-AC0F-4790-8219-1A8C248EFCE4}"
EndProject
Project("{9A19103F-16F7-4668-BE54-9A1E7A4F7556}") = "FruitShop.Data", "FruitShop.Data\FruitShop.Data.csproj", "{9DDB9212-D610-4500-9E58-B90FEADC12CB}"
EndProject
Project("{9A19103F-16F7-4668-BE54-9A1E7A4F7556}") = "FruitShop.Auth", "FruitShop.Auth\FruitShop.Auth.csproj", "{B24FD206-F6EF-4699-9AE7-05340E4265AF}"
EndProject
Project("{9A19103F-16F7-4668-BE54-9A1E7A4F7556}") = "FruitShop.IoC", "FruitShop.IoC\FruitShop.IoC.csproj", "{2E4F14FA-B92C-4EFF-B2DE-C5BACECD244A}"
EndProject
Project("{9A19103F-16F7-4668-BE54-9A1E7A4F7556}") = "FruitShop", "FruitShop\FruitShop.csproj", "{87068F43-6F18-4FFC-93E4-8E2D8DD25B5F}"
EndProject
Global
	GlobalSection(SolutionConfigurationPlatforms) = preSolution
		Debug|Any CPU = Debug|Any CPU
		Release|Any CPU = Release|Any CPU
	EndGlobalSection
	GlobalSection(ProjectConfigurationPlatforms) = postSolution
		{C68CB79E-425C-4EB6-83E1-A07768070482}.Debug|Any CPU.ActiveCfg = Debug|Any CPU
		{C68CB79E-425C-4EB6-83E1-A07768070482}.Debug|Any CPU.Build.0 = Debug|Any CPU
		{C68CB79E-425C-4EB6-83E1-A07768070482}.Release|Any CPU.ActiveCfg = Release|Any CPU
		{C68CB79E-425C-4EB6-83E1-A07768070482}.Release|Any CPU.Build.0 = Release|Any CPU
		{FCA71EFB-AC0F-4790-8219-1A8C248EFCE4}.Debug|Any CPU.ActiveCfg = Debug|Any CPU
		{FCA71EFB-AC0F-4790-8219-1A8C248EFCE4}.Debug|Any CPU.Build.0 = Debug|Any CPU
		{FCA71EFB-AC0F-4790-8219-1A8C248EFCE4}.Release|Any CPU.ActiveCfg = Release|Any CPU
		{FCA71EFB-AC0F-4790-8219-1A8C248EFCE4}.Release|Any CPU.Build.0 = Release|Any CPU
		{9DDB9212-D610-4500-9E58-B90FEADC12CB}.Debug|Any CPU.ActiveCfg = Debug|Any CPU
		{9DDB9212-D610-4500-9E58-B90FEADC12CB}.Debug|Any CPU.Build.0 = Debug|Any CPU
		{9DDB9212-D610-4500-9E58-B90FEADC12CB}.Release|Any CPU.ActiveCfg = Release|Any CPU
		{9DDB9212-D610-4500-9E58-B90FEADC12CB}.Release|Any CPU.Build.0 = Release|Any CPU
		{B24FD206-F6EF-4699-9AE7-05340E4265AF}.Debug|Any CPU.ActiveCfg = Debug|Any CPU
		{B24FD206-F6EF-4699-9AE7-05340E4265AF}.Debug|Any CPU.Build.0 = Debug|Any CPU
		{B24FD206-F6EF-4699-9AE7-05340E4265AF}.Release|Any CPU.ActiveCfg = Release|Any CPU
		{B24FD206-F6EF-4699-9AE7-05340E4265AF}.Release|Any CPU.Build.0 = Release|Any CPU
		{2E4F14FA-B92C-4EFF-B2DE-C5BACECD244A}.Debug|Any CPU.ActiveCfg = Debug|Any CPU
		{2E4F14FA-B92C-4EFF-B2DE-C5BACECD244A}.Debug|Any CPU.Build.0 = Debug|Any CPU
		{2E4F14FA-B92C-4EFF-B2DE-C5BACECD244A}.Release|Any CPU.ActiveCfg = Release|Any CPU
		{2E4F14FA-B92C-4EFF-B2DE-C5BACECD244A}.Release|Any CPU.Build.0 = Release|Any CPU
		{87068F43-6F18-4FFC-93E4-8E2D8DD25B5F}.Debug|Any CPU.ActiveCfg = Debug|Any CPU
		{87068F43-6F18-4FFC-93E4-8E2D8DD25B5F}.Debug|Any CPU.Build.0 = Debug|Any CPU
		{87068F43-6F18-4FFC-93E4-8E2D8DD25B5F}.Release|Any CPU.ActiveCfg = Release|Any CPU
		{87068F43-6F18-4FFC-93E4-8E2D8DD25B5F}.Release|Any CPU.Build.0 = Release|Any CPU
	EndGlobalSection
	GlobalSection(SolutionProperties) = preSolution
		HideSolutionNode = FALSE
	EndGlobalSection
	GlobalSection(NestedProjects) = preSolution
		{D577D3C3-9953-4E2C-8338-C8AE59FD8D4E} = {A86F41B3-E2B3-4D71-AB9A-F41E012906A6}
		{5D3FB572-2DC9-4F2F-B33C-01B707937287} = {A86F41B3-E2B3-4D71-AB9A-F41E012906A6}
		{C68CB79E-425C-4EB6-83E1-A07768070482} = {7A0D4456-C141-4410-9511-11279660D549}
		{FCA71EFB-AC0F-4790-8219-1A8C248EFCE4} = {6E7D4F99-1F76-4842-B769-CAF5DFB120CB}
		{9DDB9212-D610-4500-9E58-B90FEADC12CB} = {D577D3C3-9953-4E2C-8338-C8AE59FD8D4E}
		{B24FD206-F6EF-4699-9AE7-05340E4265AF} = {5D3FB572-2DC9-4F2F-B33C-01B707937287}
		{2E4F14FA-B92C-4EFF-B2DE-C5BACECD244A} = {5D3FB572-2DC9-4F2F-B33C-01B707937287}
		{87068F43-6F18-4FFC-93E4-8E2D8DD25B5F} = {C4608F1D-433D-4F2E-B38F-DF993AA28901}
	EndGlobalSection
	GlobalSection(ExtensibilityGlobals) = postSolution
		SolutionGuid = {7F0383EE-DF02-465B-BE47-274745786906}
	EndGlobalSection
EndGlobal
